
Microsoft Visual Studio Solution File, Format Version 12.00
# Visual Studio Version 17
VisualStudioVersion = 17.0.31903.59
MinimumVisualStudioVersion = 10.0.40219.1
Project("{2150E333-8FDC-42A3-9474-1A3956D46DE8}") = "src", "src", "{827E0CD3-B72D-47B6-A68D-7590B98EB39B}"
EndProject
Project("{FAE04EC0-301F-11D3-BF4B-00C04F79EFBC}") = "EFDoctor.Analyzers", "src\EFDoctor.Analyzers\EFDoctor.Analyzers.csproj", "{42E25D6A-F898-42A4-9057-34D1E5195F16}"
EndProject
Project("{FAE04EC0-301F-11D3-BF4B-00C04F79EFBC}") = "EFDoctor.Core", "src\EFDoctor.Core\EFDoctor.Core.csproj", "{7FECF8F2-2B9E-4613-ADC0-A3E362A30E38}"
EndProject
Project("{FAE04EC0-301F-11D3-BF4B-00C04F79EFBC}") = "EFDoctor.Cli", "src\EFDoctor.Cli\EFDoctor.Cli.csproj", "{65C2CDA4-0C29-41FC-8C3C-02ADE9BB1C0D}"
EndProject
Project("{2150E333-8FDC-42A3-9474-1A3956D46DE8}") = "tests", "tests", "{0AB3BF05-4346-4AA6-1389-037BE0695223}"
EndProject
Project("{FAE04EC0-301F-11D3-BF4B-00C04F79EFBC}") = "EFDoctor.Analyzers.Tests", "tests\EFDoctor.Analyzers.Tests\EFDoctor.Analyzers.Tests.csproj", "{3A97B61D-8DD8-4B18-84C6-0A2AC621442E}"
EndProject
Project("{FAE04EC0-301F-11D3-BF4B-00C04F79EFBC}") = "EFDoctor.Cli.Tests", "tests\EFDoctor.Cli.Tests\EFDoctor.Cli.Tests.csproj", "{68282C9E-43EA-450D-B54C-706098C4CC86}"
EndProject
Project("{2150E333-8FDC-42A3-9474-1A3956D46DE8}") = "Fixtures", "Fixtures", "{F12727AA-ABEF-07AF-E6F0-CD96E3D9A8AF}"
EndProject
Project("{FAE04EC0-301F-11D3-BF4B-00C04F79EFBC}") = "EFD001.Sample", "tests\Fixtures\EFD001.Sample\EFD001.Sample.csproj", "{AD446615-1C1A-4741-9E91-452C4F5142EA}"
EndProject
Project("{FAE04EC0-301F-11D3-BF4B-00C04F79EFBC}") = "EFD001.Clean", "tests\Fixtures\EFD001.Clean\EFD001.Clean.csproj", "{21213685-C89F-4930-8A53-90FC861A52E5}"
EndProject
Project("{FAE04EC0-301F-11D3-BF4B-00C04F79EFBC}") = "EFD003.Sample", "tests\Fixtures\EFD003.Sample\EFD003.Sample.csproj", "{E3D00300-0000-4000-8000-000000000003}"
EndProject
Project("{FAE04EC0-301F-11D3-BF4B-00C04F79EFBC}") = "EFD003.NpgsqlSample", "tests\Fixtures\EFD003.NpgsqlSample\EFD003.NpgsqlSample.csproj", "{A3D00300-0000-4000-8000-000000000003}"
EndProject
Project("{FAE04EC0-301F-11D3-BF4B-00C04F79EFBC}") = "EFD004.Sample", "tests\Fixtures\EFD004.Sample\EFD004.Sample.csproj", "{E4D00400-0000-4000-8000-000000000004}"
EndProject
Project("{FAE04EC0-301F-11D3-BF4B-00C04F79EFBC}") = "EFD005.Sample", "tests\Fixtures\EFD005.Sample\EFD005.Sample.csproj", "{E5D00500-0000-4000-8000-000000000005}"
EndProject
Project("{FAE04EC0-301F-11D3-BF4B-00C04F79EFBC}") = "EFD006.Sample", "tests\Fixtures\EFD006.Sample\EFD006.Sample.csproj", "{E6D00600-0000-4000-8000-000000000006}"
EndProject
Project("{FAE04EC0-301F-11D3-BF4B-00C04F79EFBC}") = "EFD011.Sample", "tests\Fixtures\EFD011.Sample\EFD011.Sample.csproj", "{9A5050CB-DFEC-404C-A15D-4BAFA51764D1}"
EndProject
Project("{FAE04EC0-301F-11D3-BF4B-00C04F79EFBC}") = "EFD012.Sample", "tests\Fixtures\EFD012.Sample\EFD012.Sample.csproj", "{EFD01200-0000-4000-8000-000000000012}"
EndProject
Project("{FAE04EC0-301F-11D3-BF4B-00C04F79EFBC}") = "EFD013.Sample", "tests\Fixtures\EFD013.Sample\EFD013.Sample.csproj", "{1AF82C88-E524-42C4-9169-EDDEC8FC417E}"
EndProject
Project("{FAE04EC0-301F-11D3-BF4B-00C04F79EFBC}") = "EFD017.Sample", "tests\Fixtures\EFD017.Sample\EFD017.Sample.csproj", "{D6A27ACC-A205-49F3-ACB7-A53C1AEED5D2}"
EndProject
Project("{FAE04EC0-301F-11D3-BF4B-00C04F79EFBC}") = "EFD018.Sample", "tests\Fixtures\EFD018.Sample\EFD018.Sample.csproj", "{2CC97B06-2ECB-47F8-B9AC-5581AFA5A6B9}"
EndProject
Project("{FAE04EC0-301F-11D3-BF4B-00C04F79EFBC}") = "EFD019.Sample", "tests\Fixtures\EFD019.Sample\EFD019.Sample.csproj", "{31D19E3E-8E6D-4CA6-AF2B-4AF3D6FBBBEC}"
EndProject
Project("{FAE04EC0-301F-11D3-BF4B-00C04F79EFBC}") = "EFD025.Sample", "tests\Fixtures\EFD025.Sample\EFD025.Sample.csproj", "{3554E504-EF1D-4865-BBA9-41BBE125FE6D}"
EndProject
Project("{FAE04EC0-301F-11D3-BF4B-00C04F79EFBC}") = "EFD014.Sample", "tests\Fixtures\EFD014.Sample\EFD014.Sample.csproj", "{6A0DCB5A-CDDB-4A7A-81B4-F5D11E875524}"
EndProject
Project("{FAE04EC0-301F-11D3-BF4B-00C04F79EFBC}") = "EFD021.Sample", "tests\Fixtures\EFD021.Sample\EFD021.Sample.csproj", "{17B4FDAE-E2F3-457A-A867-D7DD29ECAC10}"
EndProject
Project("{FAE04EC0-301F-11D3-BF4B-00C04F79EFBC}") = "EFD009.Sample", "tests\Fixtures\EFD009.Sample\EFD009.Sample.csproj", "{2DAB29A2-A5B9-420B-B8D2-35D099A79452}"
EndProject
Project("{FAE04EC0-301F-11D3-BF4B-00C04F79EFBC}") = "EFD022.Sample", "tests\Fixtures\EFD022.Sample\EFD022.Sample.csproj", "{15BF013D-FE97-452D-837B-51717E12A4A2}"
EndProject
Project("{FAE04EC0-301F-11D3-BF4B-00C04F79EFBC}") = "EFD020.Sample", "tests\Fixtures\EFD020.Sample\EFD020.Sample.csproj", "{D415CEEF-DEA6-4616-B99D-F7BA9FBFDFBF}"
EndProject
Project("{FAE04EC0-301F-11D3-BF4B-00C04F79EFBC}") = "EFD023.Sample", "tests\Fixtures\EFD023.Sample\EFD023.Sample.csproj", "{65D68E6F-23C8-4F2D-B2CA-1E67933C9696}"
EndProject
Project("{FAE04EC0-301F-11D3-BF4B-00C04F79EFBC}") = "EFD010.Sample", "tests\Fixtures\EFD010.Sample\EFD010.Sample.csproj", "{88CBF631-6DB6-46AC-8FAE-7C0CBC1485DB}"
EndProject
Project("{FAE04EC0-301F-11D3-BF4B-00C04F79EFBC}") = "Workspace.MultiLineTargetFramework", "tests\Fixtures\Workspace.MultiLineTargetFramework\Workspace.MultiLineTargetFramework.csproj", "{FDE1F209-477A-4FA3-9CAE-63C2DA8FF566}"
EndProject
Project("{FAE04EC0-301F-11D3-BF4B-00C04F79EFBC}") = "Workspace.MultiLineTargetFrameworks", "tests\Fixtures\Workspace.MultiLineTargetFrameworks\Workspace.MultiLineTargetFrameworks.csproj", "{F7431177-5CFF-499F-8EDC-25B76AEE0303}"
EndProject
Project("{FAE04EC0-301F-11D3-BF4B-00C04F79EFBC}") = "EFD029.Sample", "tests\Fixtures\EFD029.Sample\EFD029.Sample.csproj", "{7A60C0D7-CFC8-4A27-B60B-201C6DB4D651}"
EndProject
Project("{FAE04EC0-301F-11D3-BF4B-00C04F79EFBC}") = "EFD027.Sample", "tests\Fixtures\EFD027.Sample\EFD027.Sample.csproj", "{65C152A3-C071-49A5-8BFA-650ECA32F7AF}"
EndProject
Project("{FAE04EC0-301F-11D3-BF4B-00C04F79EFBC}") = "EFD037.Sample", "tests\Fixtures\EFD037.Sample\EFD037.Sample.csproj", "{3D181BE8-AF41-4C84-8631-56383C7CF3F8}"
EndProject
Project("{FAE04EC0-301F-11D3-BF4B-00C04F79EFBC}") = "EFD038.Sample", "tests\Fixtures\EFD038.Sample\EFD038.Sample.csproj", "{0468B3BC-434E-483C-8C7C-C0ADACEDCA33}"
EndProject
Global
	GlobalSection(SolutionConfigurationPlatforms) = preSolution
		Debug|Any CPU = Debug|Any CPU
		Debug|x64 = Debug|x64
		Debug|x86 = Debug|x86
		Release|Any CPU = Release|Any CPU
		Release|x64 = Release|x64
		Release|x86 = Release|x86
	EndGlobalSection
	GlobalSection(ProjectConfigurationPlatforms) = postSolution
		{42E25D6A-F898-42A4-9057-34D1E5195F16}.Debug|Any CPU.ActiveCfg = Debug|Any CPU
		{42E25D6A-F898-42A4-9057-34D1E5195F16}.Debug|Any CPU.Build.0 = Debug|Any CPU
		{42E25D6A-F898-42A4-9057-34D1E5195F16}.Debug|x64.ActiveCfg = Debug|Any CPU
		{42E25D6A-F898-42A4-9057-34D1E5195F16}.Debug|x64.Build.0 = Debug|Any CPU
		{42E25D6A-F898-42A4-9057-34D1E5195F16}.Debug|x86.ActiveCfg = Debug|Any CPU
		{42E25D6A-F898-42A4-9057-34D1E5195F16}.Debug|x86.Build.0 = Debug|Any CPU
		{42E25D6A-F898-42A4-9057-34D1E5195F16}.Release|Any CPU.ActiveCfg = Release|Any CPU
		{42E25D6A-F898-42A4-9057-34D1E5195F16}.Release|Any CPU.Build.0 = Release|Any CPU
		{42E25D6A-F898-42A4-9057-34D1E5195F16}.Release|x64.ActiveCfg = Release|Any CPU
		{42E25D6A-F898-42A4-9057-34D1E5195F16}.Release|x64.Build.0 = Release|Any CPU
		{42E25D6A-F898-42A4-9057-34D1E5195F16}.Release|x86.ActiveCfg = Release|Any CPU
		{42E25D6A-F898-42A4-9057-34D1E5195F16}.Release|x86.Build.0 = Release|Any CPU
		{7FECF8F2-2B9E-4613-ADC0-A3E362A30E38}.Debug|Any CPU.ActiveCfg = Debug|Any CPU
		{7FECF8F2-2B9E-4613-ADC0-A3E362A30E38}.Debug|Any CPU.Build.0 = Debug|Any CPU
		{7FECF8F2-2B9E-4613-ADC0-A3E362A30E38}.Debug|x64.ActiveCfg = Debug|Any CPU
		{7FECF8F2-2B9E-4613-ADC0-A3E362A30E38}.Debug|x64.Build.0 = Debug|Any CPU
		{7FECF8F2-2B9E-4613-ADC0-A3E362A30E38}.Debug|x86.ActiveCfg = Debug|Any CPU
		{7FECF8F2-2B9E-4613-ADC0-A3E362A30E38}.Debug|x86.Build.0 = Debug|Any CPU
		{7FECF8F2-2B9E-4613-ADC0-A3E362A30E38}.Release|Any CPU.ActiveCfg = Release|Any CPU
		{7FECF8F2-2B9E-4613-ADC0-A3E362A30E38}.Release|Any CPU.Build.0 = Release|Any CPU
		{7FECF8F2-2B9E-4613-ADC0-A3E362A30E38}.Release|x64.ActiveCfg = Release|Any CPU
		{7FECF8F2-2B9E-4613-ADC0-A3E362A30E38}.Release|x64.Build.0 = Release|Any CPU
		{7FECF8F2-2B9E-4613-ADC0-A3E362A30E38}.Release|x86.ActiveCfg = Release|Any CPU
		{7FECF8F2-2B9E-4613-ADC0-A3E362A30E38}.Release|x86.Build.0 = Release|Any CPU
		{65C2CDA4-0C29-41FC-8C3C-02ADE9BB1C0D}.Debug|Any CPU.ActiveCfg = Debug|Any CPU
		{65C2CDA4-0C29-41FC-8C3C-02ADE9BB1C0D}.Debug|Any CPU.Build.0 = Debug|Any CPU
		{65C2CDA4-0C29-41FC-8C3C-02ADE9BB1C0D}.Debug|x64.ActiveCfg = Debug|Any CPU
		{65C2CDA4-0C29-41FC-8C3C-02ADE9BB1C0D}.Debug|x64.Build.0 = Debug|Any CPU
		{65C2CDA4-0C29-41FC-8C3C-02ADE9BB1C0D}.Debug|x86.ActiveCfg = Debug|Any CPU
		{65C2CDA4-0C29-41FC-8C3C-02ADE9BB1C0D}.Debug|x86.Build.0 = Debug|Any CPU
		{65C2CDA4-0C29-41FC-8C3C-02ADE9BB1C0D}.Release|Any CPU.ActiveCfg = Release|Any CPU
		{65C2CDA4-0C29-41FC-8C3C-02ADE9BB1C0D}.Release|Any CPU.Build.0 = Release|Any CPU
		{65C2CDA4-0C29-41FC-8C3C-02ADE9BB1C0D}.Release|x64.ActiveCfg = Release|Any CPU
		{65C2CDA4-0C29-41FC-8C3C-02ADE9BB1C0D}.Release|x64.Build.0 = Release|Any CPU
		{65C2CDA4-0C29-41FC-8C3C-02ADE9BB1C0D}.Release|x86.ActiveCfg = Release|Any CPU
		{65C2CDA4-0C29-41FC-8C3C-02ADE9BB1C0D}.Release|x86.Build.0 = Release|Any CPU
		{3A97B61D-8DD8-4B18-84C6-0A2AC621442E}.Debug|Any CPU.ActiveCfg = Debug|Any CPU
		{3A97B61D-8DD8-4B18-84C6-0A2AC621442E}.Debug|Any CPU.Build.0 = Debug|Any CPU
		{3A97B61D-8DD8-4B18-84C6-0A2AC621442E}.Debug|x64.ActiveCfg = Debug|Any CPU
		{3A97B61D-8DD8-4B18-84C6-0A2AC621442E}.Debug|x64.Build.0 = Debug|Any CPU
		{3A97B61D-8DD8-4B18-84C6-0A2AC621442E}.Debug|x86.ActiveCfg = Debug|Any CPU
		{3A97B61D-8DD8-4B18-84C6-0A2AC621442E}.Debug|x86.Build.0 = Debug|Any CPU
		{3A97B61D-8DD8-4B18-84C6-0A2AC621442E}.Release|Any CPU.ActiveCfg = Release|Any CPU
		{3A97B61D-8DD8-4B18-84C6-0A2AC621442E}.Release|Any CPU.Build.0 = Release|Any CPU
		{3A97B61D-8DD8-4B18-84C6-0A2AC621442E}.Release|x64.ActiveCfg = Release|Any CPU
		{3A97B61D-8DD8-4B18-84C6-0A2AC621442E}.Release|x64.Build.0 = Release|Any CPU
		{3A97B61D-8DD8-4B18-84C6-0A2AC621442E}.Release|x86.ActiveCfg = Release|Any CPU
		{3A97B61D-8DD8-4B18-84C6-0A2AC621442E}.Release|x86.Build.0 = Release|Any CPU
		{68282C9E-43EA-450D-B54C-706098C4CC86}.Debug|Any CPU.ActiveCfg = Debug|Any CPU
		{68282C9E-43EA-450D-B54C-706098C4CC86}.Debug|Any CPU.Build.0 = Debug|Any CPU
		{68282C9E-43EA-450D-B54C-706098C4CC86}.Debug|x64.ActiveCfg = Debug|Any CPU
		{68282C9E-43EA-450D-B54C-706098C4CC86}.Debug|x64.Build.0 = Debug|Any CPU
		{68282C9E-43EA-450D-B54C-706098C4CC86}.Debug|x86.ActiveCfg = Debug|Any CPU
		{68282C9E-43EA-450D-B54C-706098C4CC86}.Debug|x86.Build.0 = Debug|Any CPU
		{68282C9E-43EA-450D-B54C-706098C4CC86}.Release|Any CPU.ActiveCfg = Release|Any CPU
		{68282C9E-43EA-450D-B54C-706098C4CC86}.Release|Any CPU.Build.0 = Release|Any CPU
		{68282C9E-43EA-450D-B54C-706098C4CC86}.Release|x64.ActiveCfg = Release|Any CPU
		{68282C9E-43EA-450D-B54C-706098C4CC86}.Release|x64.Build.0 = Release|Any CPU
		{68282C9E-43EA-450D-B54C-706098C4CC86}.Release|x86.ActiveCfg = Release|Any CPU
		{68282C9E-43EA-450D-B54C-706098C4CC86}.Release|x86.Build.0 = Release|Any CPU
		{AD446615-1C1A-4741-9E91-452C4F5142EA}.Debug|Any CPU.ActiveCfg = Debug|Any CPU
		{AD446615-1C1A-4741-9E91-452C4F5142EA}.Debug|Any CPU.Build.0 = Debug|Any CPU
		{AD446615-1C1A-4741-9E91-452C4F5142EA}.Debug|x64.ActiveCfg = Debug|Any CPU
		{AD446615-1C1A-4741-9E91-452C4F5142EA}.Debug|x64.Build.0 = Debug|Any CPU
		{AD446615-1C1A-4741-9E91-452C4F5142EA}.Debug|x86.ActiveCfg = Debug|Any CPU
		{AD446615-1C1A-4741-9E91-452C4F5142EA}.Debug|x86.Build.0 = Debug|Any CPU
		{AD446615-1C1A-4741-9E91-452C4F5142EA}.Release|Any CPU.ActiveCfg = Release|Any CPU
		{AD446615-1C1A-4741-9E91-452C4F5142EA}.Release|Any CPU.Build.0 = Release|Any CPU
		{AD446615-1C1A-4741-9E91-452C4F5142EA}.Release|x64.ActiveCfg = Release|Any CPU
		{AD446615-1C1A-4741-9E91-452C4F5142EA}.Release|x64.Build.0 = Release|Any CPU
		{AD446615-1C1A-4741-9E91-452C4F5142EA}.Release|x86.ActiveCfg = Release|Any CPU
		{AD446615-1C1A-4741-9E91-452C4F5142EA}.Release|x86.Build.0 = Release|Any CPU
		{21213685-C89F-4930-8A53-90FC861A52E5}.Debug|Any CPU.ActiveCfg = Debug|Any CPU
		{21213685-C89F-4930-8A53-90FC861A52E5}.Debug|Any CPU.Build.0 = Debug|Any CPU
		{21213685-C89F-4930-8A53-90FC861A52E5}.Debug|x64.ActiveCfg = Debug|Any CPU
		{21213685-C89F-4930-8A53-90FC861A52E5}.Debug|x64.Build.0 = Debug|Any CPU
		{21213685-C89F-4930-8A53-90FC861A52E5}.Debug|x86.ActiveCfg = Debug|Any CPU
		{21213685-C89F-4930-8A53-90FC861A52E5}.Debug|x86.Build.0 = Debug|Any CPU
		{21213685-C89F-4930-8A53-90FC861A52E5}.Release|Any CPU.ActiveCfg = Release|Any CPU
		{21213685-C89F-4930-8A53-90FC861A52E5}.Release|Any CPU.Build.0 = Release|Any CPU
		{21213685-C89F-4930-8A53-90FC861A52E5}.Release|x64.ActiveCfg = Release|Any CPU
		{21213685-C89F-4930-8A53-90FC861A52E5}.Release|x64.Build.0 = Release|Any CPU
		{21213685-C89F-4930-8A53-90FC861A52E5}.Release|x86.ActiveCfg = Release|Any CPU
		{21213685-C89F-4930-8A53-90FC861A52E5}.Release|x86.Build.0 = Release|Any CPU
		{E3D00300-0000-4000-8000-000000000003}.Debug|Any CPU.ActiveCfg = Debug|Any CPU
		{E3D00300-0000-4000-8000-000000000003}.Debug|Any CPU.Build.0 = Debug|Any CPU
		{E3D00300-0000-4000-8000-000000000003}.Debug|x64.ActiveCfg = Debug|Any CPU
		{E3D00300-0000-4000-8000-000000000003}.Debug|x64.Build.0 = Debug|Any CPU
		{E3D00300-0000-4000-8000-000000000003}.Debug|x86.ActiveCfg = Debug|Any CPU
		{E3D00300-0000-4000-8000-000000000003}.Debug|x86.Build.0 = Debug|Any CPU
		{E3D00300-0000-4000-8000-000000000003}.Release|Any CPU.ActiveCfg = Release|Any CPU
		{E3D00300-0000-4000-8000-000000000003}.Release|Any CPU.Build.0 = Release|Any CPU
		{E3D00300-0000-4000-8000-000000000003}.Release|x64.ActiveCfg = Release|Any CPU
		{E3D00300-0000-4000-8000-000000000003}.Release|x64.Build.0 = Release|Any CPU
		{E3D00300-0000-4000-8000-000000000003}.Release|x86.ActiveCfg = Release|Any CPU
		{E3D00300-0000-4000-8000-000000000003}.Release|x86.Build.0 = Release|Any CPU
		{A3D00300-0000-4000-8000-000000000003}.Debug|Any CPU.ActiveCfg = Debug|Any CPU
		{A3D00300-0000-4000-8000-000000000003}.Debug|Any CPU.Build.0 = Debug|Any CPU
		{A3D00300-0000-4000-8000-000000000003}.Debug|x64.ActiveCfg = Debug|Any CPU
		{A3D00300-0000-4000-8000-000000000003}.Debug|x64.Build.0 = Debug|Any CPU
		{A3D00300-0000-4000-8000-000000000003}.Debug|x86.ActiveCfg = Debug|Any CPU
		{A3D00300-0000-4000-8000-000000000003}.Debug|x86.Build.0 = Debug|Any CPU
		{A3D00300-0000-4000-8000-000000000003}.Release|Any CPU.ActiveCfg = Release|Any CPU
		{A3D00300-0000-4000-8000-000000000003}.Release|Any CPU.Build.0 = Release|Any CPU
		{A3D00300-0000-4000-8000-000000000003}.Release|x64.ActiveCfg = Release|Any CPU
		{A3D00300-0000-4000-8000-000000000003}.Release|x64.Build.0 = Release|Any CPU
		{A3D00300-0000-4000-8000-000000000003}.Release|x86.ActiveCfg = Release|Any CPU
		{A3D00300-0000-4000-8000-000000000003}.Release|x86.Build.0 = Release|Any CPU
		{E4D00400-0000-4000-8000-000000000004}.Debug|Any CPU.ActiveCfg = Debug|Any CPU
		{E4D00400-0000-4000-8000-000000000004}.Debug|Any CPU.Build.0 = Debug|Any CPU
		{E4D00400-0000-4000-8000-000000000004}.Debug|x64.ActiveCfg = Debug|Any CPU
		{E4D00400-0000-4000-8000-000000000004}.Debug|x64.Build.0 = Debug|Any CPU
		{E4D00400-0000-4000-8000-000000000004}.Debug|x86.ActiveCfg = Debug|Any CPU
		{E4D00400-0000-4000-8000-000000000004}.Debug|x86.Build.0 = Debug|Any CPU
		{E4D00400-0000-4000-8000-000000000004}.Release|Any CPU.ActiveCfg = Release|Any CPU
		{E4D00400-0000-4000-8000-000000000004}.Release|Any CPU.Build.0 = Release|Any CPU
		{E4D00400-0000-4000-8000-000000000004}.Release|x64.ActiveCfg = Release|Any CPU
		{E4D00400-0000-4000-8000-000000000004}.Release|x64.Build.0 = Release|Any CPU
		{E4D00400-0000-4000-8000-000000000004}.Release|x86.ActiveCfg = Release|Any CPU
		{E4D00400-0000-4000-8000-000000000004}.Release|x86.Build.0 = Release|Any CPU
		{E5D00500-0000-4000-8000-000000000005}.Debug|Any CPU.ActiveCfg = Debug|Any CPU
		{E5D00500-0000-4000-8000-000000000005}.Debug|Any CPU.Build.0 = Debug|Any CPU
		{E5D00500-0000-4000-8000-000000000005}.Debug|x64.ActiveCfg = Debug|Any CPU
		{E5D00500-0000-4000-8000-000000000005}.Debug|x64.Build.0 = Debug|Any CPU
		{E5D00500-0000-4000-8000-000000000005}.Debug|x86.ActiveCfg = Debug|Any CPU
		{E5D00500-0000-4000-8000-000000000005}.Debug|x86.Build.0 = Debug|Any CPU
		{E5D00500-0000-4000-8000-000000000005}.Release|Any CPU.ActiveCfg = Release|Any CPU
		{E5D00500-0000-4000-8000-000000000005}.Release|Any CPU.Build.0 = Release|Any CPU
		{E5D00500-0000-4000-8000-000000000005}.Release|x64.ActiveCfg = Release|Any CPU
		{E5D00500-0000-4000-8000-000000000005}.Release|x64.Build.0 = Release|Any CPU
		{E5D00500-0000-4000-8000-000000000005}.Release|x86.ActiveCfg = Release|Any CPU
		{E5D00500-0000-4000-8000-000000000005}.Release|x86.Build.0 = Release|Any CPU
		{E6D00600-0000-4000-8000-000000000006}.Debug|Any CPU.ActiveCfg = Debug|Any CPU
		{E6D00600-0000-4000-8000-000000000006}.Debug|Any CPU.Build.0 = Debug|Any CPU
		{E6D00600-0000-4000-8000-000000000006}.Debug|x64.ActiveCfg = Debug|Any CPU
		{E6D00600-0000-4000-8000-000000000006}.Debug|x64.Build.0 = Debug|Any CPU
		{E6D00600-0000-4000-8000-000000000006}.Debug|x86.ActiveCfg = Debug|Any CPU
		{E6D00600-0000-4000-8000-000000000006}.Debug|x86.Build.0 = Debug|Any CPU
		{E6D00600-0000-4000-8000-000000000006}.Release|Any CPU.ActiveCfg = Release|Any CPU
		{E6D00600-0000-4000-8000-000000000006}.Release|Any CPU.Build.0 = Release|Any CPU
		{E6D00600-0000-4000-8000-000000000006}.Release|x64.ActiveCfg = Release|Any CPU
		{E6D00600-0000-4000-8000-000000000006}.Release|x64.Build.0 = Release|Any CPU
		{E6D00600-0000-4000-8000-000000000006}.Release|x86.ActiveCfg = Release|Any CPU
		{E6D00600-0000-4000-8000-000000000006}.Release|x86.Build.0 = Release|Any CPU
		{9A5050CB-DFEC-404C-A15D-4BAFA51764D1}.Debug|Any CPU.ActiveCfg = Debug|Any CPU
		{9A5050CB-DFEC-404C-A15D-4BAFA51764D1}.Debug|Any CPU.Build.0 = Debug|Any CPU
		{9A5050CB-DFEC-404C-A15D-4BAFA51764D1}.Debug|x64.ActiveCfg = Debug|Any CPU
		{9A5050CB-DFEC-404C-A15D-4BAFA51764D1}.Debug|x64.Build.0 = Debug|Any CPU
		{9A5050CB-DFEC-404C-A15D-4BAFA51764D1}.Debug|x86.ActiveCfg = Debug|Any CPU
		{9A5050CB-DFEC-404C-A15D-4BAFA51764D1}.Debug|x86.Build.0 = Debug|Any CPU
		{9A5050CB-DFEC-404C-A15D-4BAFA51764D1}.Release|Any CPU.ActiveCfg = Release|Any CPU
		{9A5050CB-DFEC-404C-A15D-4BAFA51764D1}.Release|Any CPU.Build.0 = Release|Any CPU
		{9A5050CB-DFEC-404C-A15D-4BAFA51764D1}.Release|x64.ActiveCfg = Release|Any CPU
		{9A5050CB-DFEC-404C-A15D-4BAFA51764D1}.Release|x64.Build.0 = Release|Any CPU
		{9A5050CB-DFEC-404C-A15D-4BAFA51764D1}.Release|x86.ActiveCfg = Release|Any CPU
		{9A5050CB-DFEC-404C-A15D-4BAFA51764D1}.Release|x86.Build.0 = Release|Any CPU
		{EFD01200-0000-4000-8000-000000000012}.Debug|Any CPU.ActiveCfg = Debug|Any CPU
		{EFD01200-0000-4000-8000-000000000012}.Debug|Any CPU.Build.0 = Debug|Any CPU
		{EFD01200-0000-4000-8000-000000000012}.Debug|x64.ActiveCfg = Debug|Any CPU
		{EFD01200-0000-4000-8000-000000000012}.Debug|x64.Build.0 = Debug|Any CPU
		{EFD01200-0000-4000-8000-000000000012}.Debug|x86.ActiveCfg = Debug|Any CPU
		{EFD01200-0000-4000-8000-000000000012}.Debug|x86.Build.0 = Debug|Any CPU
		{EFD01200-0000-4000-8000-000000000012}.Release|Any CPU.ActiveCfg = Release|Any CPU
		{EFD01200-0000-4000-8000-000000000012}.Release|Any CPU.Build.0 = Release|Any CPU
		{EFD01200-0000-4000-8000-000000000012}.Release|x64.ActiveCfg = Release|Any CPU
		{EFD01200-0000-4000-8000-000000000012}.Release|x64.Build.0 = Release|Any CPU
		{EFD01200-0000-4000-8000-000000000012}.Release|x86.ActiveCfg = Release|Any CPU
		{EFD01200-0000-4000-8000-000000000012}.Release|x86.Build.0 = Release|Any CPU
		{1AF82C88-E524-42C4-9169-EDDEC8FC417E}.Debug|Any CPU.ActiveCfg = Debug|Any CPU
		{1AF82C88-E524-42C4-9169-EDDEC8FC417E}.Debug|Any CPU.Build.0 = Debug|Any CPU
		{1AF82C88-E524-42C4-9169-EDDEC8FC417E}.Debug|x64.ActiveCfg = Debug|Any CPU
		{1AF82C88-E524-42C4-9169-EDDEC8FC417E}.Debug|x64.Build.0 = Debug|Any CPU
		{1AF82C88-E524-42C4-9169-EDDEC8FC417E}.Debug|x86.ActiveCfg = Debug|Any CPU
		{1AF82C88-E524-42C4-9169-EDDEC8FC417E}.Debug|x86.Build.0 = Debug|Any CPU
		{1AF82C88-E524-42C4-9169-EDDEC8FC417E}.Release|Any CPU.ActiveCfg = Release|Any CPU
		{1AF82C88-E524-42C4-9169-EDDEC8FC417E}.Release|Any CPU.Build.0 = Release|Any CPU
		{1AF82C88-E524-42C4-9169-EDDEC8FC417E}.Release|x64.ActiveCfg = Release|Any CPU
		{1AF82C88-E524-42C4-9169-EDDEC8FC417E}.Release|x64.Build.0 = Release|Any CPU
		{1AF82C88-E524-42C4-9169-EDDEC8FC417E}.Release|x86.ActiveCfg = Release|Any CPU
		{1AF82C88-E524-42C4-9169-EDDEC8FC417E}.Release|x86.Build.0 = Release|Any CPU
		{D6A27ACC-A205-49F3-ACB7-A53C1AEED5D2}.Debug|Any CPU.ActiveCfg = Debug|Any CPU
		{D6A27ACC-A205-49F3-ACB7-A53C1AEED5D2}.Debug|Any CPU.Build.0 = Debug|Any CPU
		{D6A27ACC-A205-49F3-ACB7-A53C1AEED5D2}.Debug|x64.ActiveCfg = Debug|Any CPU
		{D6A27ACC-A205-49F3-ACB7-A53C1AEED5D2}.Debug|x64.Build.0 = Debug|Any CPU
		{D6A27ACC-A205-49F3-ACB7-A53C1AEED5D2}.Debug|x86.ActiveCfg = Debug|Any CPU
		{D6A27ACC-A205-49F3-ACB7-A53C1AEED5D2}.Debug|x86.Build.0 = Debug|Any CPU
		{D6A27ACC-A205-49F3-ACB7-A53C1AEED5D2}.Release|Any CPU.ActiveCfg = Release|Any CPU
		{D6A27ACC-A205-49F3-ACB7-A53C1AEED5D2}.Release|Any CPU.Build.0 = Release|Any CPU
		{D6A27ACC-A205-49F3-ACB7-A53C1AEED5D2}.Release|x64.ActiveCfg = Release|Any CPU
		{D6A27ACC-A205-49F3-ACB7-A53C1AEED5D2}.Release|x64.Build.0 = Release|Any CPU
		{D6A27ACC-A205-49F3-ACB7-A53C1AEED5D2}.Release|x86.ActiveCfg = Release|Any CPU
		{D6A27ACC-A205-49F3-ACB7-A53C1AEED5D2}.Release|x86.Build.0 = Release|Any CPU
		{2CC97B06-2ECB-47F8-B9AC-5581AFA5A6B9}.Debug|Any CPU.ActiveCfg = Debug|Any CPU
		{2CC97B06-2ECB-47F8-B9AC-5581AFA5A6B9}.Debug|Any CPU.Build.0 = Debug|Any CPU
		{2CC97B06-2ECB-47F8-B9AC-5581AFA5A6B9}.Debug|x64.ActiveCfg = Debug|Any CPU
		{2CC97B06-2ECB-47F8-B9AC-5581AFA5A6B9}.Debug|x64.Build.0 = Debug|Any CPU
		{2CC97B06-2ECB-47F8-B9AC-5581AFA5A6B9}.Debug|x86.ActiveCfg = Debug|Any CPU
		{2CC97B06-2ECB-47F8-B9AC-5581AFA5A6B9}.Debug|x86.Build.0 = Debug|Any CPU
		{2CC97B06-2ECB-47F8-B9AC-5581AFA5A6B9}.Release|Any CPU.ActiveCfg = Release|Any CPU
		{2CC97B06-2ECB-47F8-B9AC-5581AFA5A6B9}.Release|Any CPU.Build.0 = Release|Any CPU
		{2CC97B06-2ECB-47F8-B9AC-5581AFA5A6B9}.Release|x64.ActiveCfg = Release|Any CPU
		{2CC97B06-2ECB-47F8-B9AC-5581AFA5A6B9}.Release|x64.Build.0 = Release|Any CPU
		{2CC97B06-2ECB-47F8-B9AC-5581AFA5A6B9}.Release|x86.ActiveCfg = Release|Any CPU
		{2CC97B06-2ECB-47F8-B9AC-5581AFA5A6B9}.Release|x86.Build.0 = Release|Any CPU
		{31D19E3E-8E6D-4CA6-AF2B-4AF3D6FBBBEC}.Debug|Any CPU.ActiveCfg = Debug|Any CPU
		{31D19E3E-8E6D-4CA6-AF2B-4AF3D6FBBBEC}.Debug|Any CPU.Build.0 = Debug|Any CPU
		{31D19E3E-8E6D-4CA6-AF2B-4AF3D6FBBBEC}.Debug|x64.ActiveCfg = Debug|Any CPU
		{31D19E3E-8E6D-4CA6-AF2B-4AF3D6FBBBEC}.Debug|x64.Build.0 = Debug|Any CPU
		{31D19E3E-8E6D-4CA6-AF2B-4AF3D6FBBBEC}.Debug|x86.ActiveCfg = Debug|Any CPU
		{31D19E3E-8E6D-4CA6-AF2B-4AF3D6FBBBEC}.Debug|x86.Build.0 = Debug|Any CPU
		{31D19E3E-8E6D-4CA6-AF2B-4AF3D6FBBBEC}.Release|Any CPU.ActiveCfg = Release|Any CPU
		{31D19E3E-8E6D-4CA6-AF2B-4AF3D6FBBBEC}.Release|Any CPU.Build.0 = Release|Any CPU
		{31D19E3E-8E6D-4CA6-AF2B-4AF3D6FBBBEC}.Release|x64.ActiveCfg = Release|Any CPU
		{31D19E3E-8E6D-4CA6-AF2B-4AF3D6FBBBEC}.Release|x64.Build.0 = Release|Any CPU
		{31D19E3E-8E6D-4CA6-AF2B-4AF3D6FBBBEC}.Release|x86.ActiveCfg = Release|Any CPU
		{31D19E3E-8E6D-4CA6-AF2B-4AF3D6FBBBEC}.Release|x86.Build.0 = Release|Any CPU
		{3554E504-EF1D-4865-BBA9-41BBE125FE6D}.Debug|Any CPU.ActiveCfg = Debug|Any CPU
		{3554E504-EF1D-4865-BBA9-41BBE125FE6D}.Debug|Any CPU.Build.0 = Debug|Any CPU
		{3554E504-EF1D-4865-BBA9-41BBE125FE6D}.Debug|x64.ActiveCfg = Debug|Any CPU
		{3554E504-EF1D-4865-BBA9-41BBE125FE6D}.Debug|x64.Build.0 = Debug|Any CPU
		{3554E504-EF1D-4865-BBA9-41BBE125FE6D}.Debug|x86.ActiveCfg = Debug|Any CPU
		{3554E504-EF1D-4865-BBA9-41BBE125FE6D}.Debug|x86.Build.0 = Debug|Any CPU
		{3554E504-EF1D-4865-BBA9-41BBE125FE6D}.Release|Any CPU.ActiveCfg = Release|Any CPU
		{3554E504-EF1D-4865-BBA9-41BBE125FE6D}.Release|Any CPU.Build.0 = Release|Any CPU
		{3554E504-EF1D-4865-BBA9-41BBE125FE6D}.Release|x64.ActiveCfg = Release|Any CPU
		{3554E504-EF1D-4865-BBA9-41BBE125FE6D}.Release|x64.Build.0 = Release|Any CPU
		{3554E504-EF1D-4865-BBA9-41BBE125FE6D}.Release|x86.ActiveCfg = Release|Any CPU
		{3554E504-EF1D-4865-BBA9-41BBE125FE6D}.Release|x86.Build.0 = Release|Any CPU
		{6A0DCB5A-CDDB-4A7A-81B4-F5D11E875524}.Debug|Any CPU.ActiveCfg = Debug|Any CPU
		{6A0DCB5A-CDDB-4A7A-81B4-F5D11E875524}.Debug|Any CPU.Build.0 = Debug|Any CPU
		{6A0DCB5A-CDDB-4A7A-81B4-F5D11E875524}.Debug|x64.ActiveCfg = Debug|Any CPU
		{6A0DCB5A-CDDB-4A7A-81B4-F5D11E875524}.Debug|x64.Build.0 = Debug|Any CPU
		{6A0DCB5A-CDDB-4A7A-81B4-F5D11E875524}.Debug|x86.ActiveCfg = Debug|Any CPU
		{6A0DCB5A-CDDB-4A7A-81B4-F5D11E875524}.Debug|x86.Build.0 = Debug|Any CPU
		{6A0DCB5A-CDDB-4A7A-81B4-F5D11E875524}.Release|Any CPU.ActiveCfg = Release|Any CPU
		{6A0DCB5A-CDDB-4A7A-81B4-F5D11E875524}.Release|Any CPU.Build.0 = Release|Any CPU
		{6A0DCB5A-CDDB-4A7A-81B4-F5D11E875524}.Release|x64.ActiveCfg = Release|Any CPU
		{6A0DCB5A-CDDB-4A7A-81B4-F5D11E875524}.Release|x64.Build.0 = Release|Any CPU
		{6A0DCB5A-CDDB-4A7A-81B4-F5D11E875524}.Release|x86.ActiveCfg = Release|Any CPU
		{6A0DCB5A-CDDB-4A7A-81B4-F5D11E875524}.Release|x86.Build.0 = Release|Any CPU
		{17B4FDAE-E2F3-457A-A867-D7DD29ECAC10}.Debug|Any CPU.ActiveCfg = Debug|Any CPU
		{17B4FDAE-E2F3-457A-A867-D7DD29ECAC10}.Debug|Any CPU.Build.0 = Debug|Any CPU
		{17B4FDAE-E2F3-457A-A867-D7DD29ECAC10}.Debug|x64.ActiveCfg = Debug|Any CPU
		{17B4FDAE-E2F3-457A-A867-D7DD29ECAC10}.Debug|x64.Build.0 = Debug|Any CPU
		{17B4FDAE-E2F3-457A-A867-D7DD29ECAC10}.Debug|x86.ActiveCfg = Debug|Any CPU
		{17B4FDAE-E2F3-457A-A867-D7DD29ECAC10}.Debug|x86.Build.0 = Debug|Any CPU
		{17B4FDAE-E2F3-457A-A867-D7DD29ECAC10}.Release|Any CPU.ActiveCfg = Release|Any CPU
		{17B4FDAE-E2F3-457A-A867-D7DD29ECAC10}.Release|Any CPU.Build.0 = Release|Any CPU
		{17B4FDAE-E2F3-457A-A867-D7DD29ECAC10}.Release|x64.ActiveCfg = Release|Any CPU
		{17B4FDAE-E2F3-457A-A867-D7DD29ECAC10}.Release|x64.Build.0 = Release|Any CPU
		{17B4FDAE-E2F3-457A-A867-D7DD29ECAC10}.Release|x86.ActiveCfg = Release|Any CPU
		{17B4FDAE-E2F3-457A-A867-D7DD29ECAC10}.Release|x86.Build.0 = Release|Any CPU
		{2DAB29A2-A5B9-420B-B8D2-35D099A79452}.Debug|Any CPU.ActiveCfg = Debug|Any CPU
		{2DAB29A2-A5B9-420B-B8D2-35D099A79452}.Debug|Any CPU.Build.0 = Debug|Any CPU
		{2DAB29A2-A5B9-420B-B8D2-35D099A79452}.Debug|x64.ActiveCfg = Debug|Any CPU
		{2DAB29A2-A5B9-420B-B8D2-35D099A79452}.Debug|x64.Build.0 = Debug|Any CPU
		{2DAB29A2-A5B9-420B-B8D2-35D099A79452}.Debug|x86.ActiveCfg = Debug|Any CPU
		{2DAB29A2-A5B9-420B-B8D2-35D099A79452}.Debug|x86.Build.0 = Debug|Any CPU
		{2DAB29A2-A5B9-420B-B8D2-35D099A79452}.Release|Any CPU.ActiveCfg = Release|Any CPU
		{2DAB29A2-A5B9-420B-B8D2-35D099A79452}.Release|Any CPU.Build.0 = Release|Any CPU
		{2DAB29A2-A5B9-420B-B8D2-35D099A79452}.Release|x64.ActiveCfg = Release|Any CPU
		{2DAB29A2-A5B9-420B-B8D2-35D099A79452}.Release|x64.Build.0 = Release|Any CPU
		{2DAB29A2-A5B9-420B-B8D2-35D099A79452}.Release|x86.ActiveCfg = Release|Any CPU
		{2DAB29A2-A5B9-420B-B8D2-35D099A79452}.Release|x86.Build.0 = Release|Any CPU
		{15BF013D-FE97-452D-837B-51717E12A4A2}.Debug|Any CPU.ActiveCfg = Debug|Any CPU
		{15BF013D-FE97-452D-837B-51717E12A4A2}.Debug|Any CPU.Build.0 = Debug|Any CPU
		{15BF013D-FE97-452D-837B-51717E12A4A2}.Debug|x64.ActiveCfg = Debug|Any CPU
		{15BF013D-FE97-452D-837B-51717E12A4A2}.Debug|x64.Build.0 = Debug|Any CPU
		{15BF013D-FE97-452D-837B-51717E12A4A2}.Debug|x86.ActiveCfg = Debug|Any CPU
		{15BF013D-FE97-452D-837B-51717E12A4A2}.Debug|x86.Build.0 = Debug|Any CPU
		{15BF013D-FE97-452D-837B-51717E12A4A2}.Release|Any CPU.ActiveCfg = Release|Any CPU
		{15BF013D-FE97-452D-837B-51717E12A4A2}.Release|Any CPU.Build.0 = Release|Any CPU
		{15BF013D-FE97-452D-837B-51717E12A4A2}.Release|x64.ActiveCfg = Release|Any CPU
		{15BF013D-FE97-452D-837B-51717E12A4A2}.Release|x64.Build.0 = Release|Any CPU
		{15BF013D-FE97-452D-837B-51717E12A4A2}.Release|x86.ActiveCfg = Release|Any CPU
		{15BF013D-FE97-452D-837B-51717E12A4A2}.Release|x86.Build.0 = Release|Any CPU
		{D415CEEF-DEA6-4616-B99D-F7BA9FBFDFBF}.Debug|Any CPU.ActiveCfg = Debug|Any CPU
		{D415CEEF-DEA6-4616-B99D-F7BA9FBFDFBF}.Debug|Any CPU.Build.0 = Debug|Any CPU
		{D415CEEF-DEA6-4616-B99D-F7BA9FBFDFBF}.Debug|x64.ActiveCfg = Debug|Any CPU
		{D415CEEF-DEA6-4616-B99D-F7BA9FBFDFBF}.Debug|x64.Build.0 = Debug|Any CPU
		{D415CEEF-DEA6-4616-B99D-F7BA9FBFDFBF}.Debug|x86.ActiveCfg = Debug|Any CPU
		{D415CEEF-DEA6-4616-B99D-F7BA9FBFDFBF}.Debug|x86.Build.0 = Debug|Any CPU
		{D415CEEF-DEA6-4616-B99D-F7BA9FBFDFBF}.Release|Any CPU.ActiveCfg = Release|Any CPU
		{D415CEEF-DEA6-4616-B99D-F7BA9FBFDFBF}.Release|Any CPU.Build.0 = Release|Any CPU
		{D415CEEF-DEA6-4616-B99D-F7BA9FBFDFBF}.Release|x64.ActiveCfg = Release|Any CPU
		{D415CEEF-DEA6-4616-B99D-F7BA9FBFDFBF}.Release|x64.Build.0 = Release|Any CPU
		{D415CEEF-DEA6-4616-B99D-F7BA9FBFDFBF}.Release|x86.ActiveCfg = Release|Any CPU
		{D415CEEF-DEA6-4616-B99D-F7BA9FBFDFBF}.Release|x86.Build.0 = Release|Any CPU
		{65D68E6F-23C8-4F2D-B2CA-1E67933C9696}.Debug|Any CPU.ActiveCfg = Debug|Any CPU
		{65D68E6F-23C8-4F2D-B2CA-1E67933C9696}.Debug|Any CPU.Build.0 = Debug|Any CPU
		{65D68E6F-23C8-4F2D-B2CA-1E67933C9696}.Debug|x64.ActiveCfg = Debug|Any CPU
		{65D68E6F-23C8-4F2D-B2CA-1E67933C9696}.Debug|x64.Build.0 = Debug|Any CPU
		{65D68E6F-23C8-4F2D-B2CA-1E67933C9696}.Debug|x86.ActiveCfg = Debug|Any CPU
		{65D68E6F-23C8-4F2D-B2CA-1E67933C9696}.Debug|x86.Build.0 = Debug|Any CPU
		{65D68E6F-23C8-4F2D-B2CA-1E67933C9696}.Release|Any CPU.ActiveCfg = Release|Any CPU
		{65D68E6F-23C8-4F2D-B2CA-1E67933C9696}.Release|Any CPU.Build.0 = Release|Any CPU
		{65D68E6F-23C8-4F2D-B2CA-1E67933C9696}.Release|x64.ActiveCfg = Release|Any CPU
		{65D68E6F-23C8-4F2D-B2CA-1E67933C9696}.Release|x64.Build.0 = Release|Any CPU
		{65D68E6F-23C8-4F2D-B2CA-1E67933C9696}.Release|x86.ActiveCfg = Release|Any CPU
		{65D68E6F-23C8-4F2D-B2CA-1E67933C9696}.Release|x86.Build.0 = Release|Any CPU
		{88CBF631-6DB6-46AC-8FAE-7C0CBC1485DB}.Debug|Any CPU.ActiveCfg = Debug|Any CPU
		{88CBF631-6DB6-46AC-8FAE-7C0CBC1485DB}.Debug|Any CPU.Build.0 = Debug|Any CPU
		{88CBF631-6DB6-46AC-8FAE-7C0CBC1485DB}.Debug|x64.ActiveCfg = Debug|Any CPU
		{88CBF631-6DB6-46AC-8FAE-7C0CBC1485DB}.Debug|x64.Build.0 = Debug|Any CPU
		{88CBF631-6DB6-46AC-8FAE-7C0CBC1485DB}.Debug|x86.ActiveCfg = Debug|Any CPU
		{88CBF631-6DB6-46AC-8FAE-7C0CBC1485DB}.Debug|x86.Build.0 = Debug|Any CPU
		{88CBF631-6DB6-46AC-8FAE-7C0CBC1485DB}.Release|Any CPU.ActiveCfg = Release|Any CPU
		{88CBF631-6DB6-46AC-8FAE-7C0CBC1485DB}.Release|Any CPU.Build.0 = Release|Any CPU
		{88CBF631-6DB6-46AC-8FAE-7C0CBC1485DB}.Release|x64.ActiveCfg = Release|Any CPU
		{88CBF631-6DB6-46AC-8FAE-7C0CBC1485DB}.Release|x64.Build.0 = Release|Any CPU
		{88CBF631-6DB6-46AC-8FAE-7C0CBC1485DB}.Release|x86.ActiveCfg = Release|Any CPU
		{88CBF631-6DB6-46AC-8FAE-7C0CBC1485DB}.Release|x86.Build.0 = Release|Any CPU
		{FDE1F209-477A-4FA3-9CAE-63C2DA8FF566}.Debug|Any CPU.ActiveCfg = Debug|Any CPU
		{FDE1F209-477A-4FA3-9CAE-63C2DA8FF566}.Debug|Any CPU.Build.0 = Debug|Any CPU
		{FDE1F209-477A-4FA3-9CAE-63C2DA8FF566}.Debug|x64.ActiveCfg = Debug|Any CPU
		{FDE1F209-477A-4FA3-9CAE-63C2DA8FF566}.Debug|x64.Build.0 = Debug|Any CPU
		{FDE1F209-477A-4FA3-9CAE-63C2DA8FF566}.Debug|x86.ActiveCfg = Debug|Any CPU
		{FDE1F209-477A-4FA3-9CAE-63C2DA8FF566}.Debug|x86.Build.0 = Debug|Any CPU
		{FDE1F209-477A-4FA3-9CAE-63C2DA8FF566}.Release|Any CPU.ActiveCfg = Release|Any CPU
		{FDE1F209-477A-4FA3-9CAE-63C2DA8FF566}.Release|Any CPU.Build.0 = Release|Any CPU
		{FDE1F209-477A-4FA3-9CAE-63C2DA8FF566}.Release|x64.ActiveCfg = Release|Any CPU
		{FDE1F209-477A-4FA3-9CAE-63C2DA8FF566}.Release|x64.Build.0 = Release|Any CPU
		{FDE1F209-477A-4FA3-9CAE-63C2DA8FF566}.Release|x86.ActiveCfg = Release|Any CPU
		{FDE1F209-477A-4FA3-9CAE-63C2DA8FF566}.Release|x86.Build.0 = Release|Any CPU
		{F7431177-5CFF-499F-8EDC-25B76AEE0303}.Debug|Any CPU.ActiveCfg = Debug|Any CPU
		{F7431177-5CFF-499F-8EDC-25B76AEE0303}.Debug|Any CPU.Build.0 = Debug|Any CPU
		{F7431177-5CFF-499F-8EDC-25B76AEE0303}.Debug|x64.ActiveCfg = Debug|Any CPU
		{F7431177-5CFF-499F-8EDC-25B76AEE0303}.Debug|x64.Build.0 = Debug|Any CPU
		{F7431177-5CFF-499F-8EDC-25B76AEE0303}.Debug|x86.ActiveCfg = Debug|Any CPU
		{F7431177-5CFF-499F-8EDC-25B76AEE0303}.Debug|x86.Build.0 = Debug|Any CPU
		{F7431177-5CFF-499F-8EDC-25B76AEE0303}.Release|Any CPU.ActiveCfg = Release|Any CPU
		{F7431177-5CFF-499F-8EDC-25B76AEE0303}.Release|Any CPU.Build.0 = Release|Any CPU
		{F7431177-5CFF-499F-8EDC-25B76AEE0303}.Release|x64.ActiveCfg = Release|Any CPU
		{F7431177-5CFF-499F-8EDC-25B76AEE0303}.Release|x64.Build.0 = Release|Any CPU
		{F7431177-5CFF-499F-8EDC-25B76AEE0303}.Release|x86.ActiveCfg = Release|Any CPU
		{F7431177-5CFF-499F-8EDC-25B76AEE0303}.Release|x86.Build.0 = Release|Any CPU
		{7A60C0D7-CFC8-4A27-B60B-201C6DB4D651}.Debug|Any CPU.ActiveCfg = Debug|Any CPU
		{7A60C0D7-CFC8-4A27-B60B-201C6DB4D651}.Debug|Any CPU.Build.0 = Debug|Any CPU
		{7A60C0D7-CFC8-4A27-B60B-201C6DB4D651}.Debug|x64.ActiveCfg = Debug|Any CPU
		{7A60C0D7-CFC8-4A27-B60B-201C6DB4D651}.Debug|x64.Build.0 = Debug|Any CPU
		{7A60C0D7-CFC8-4A27-B60B-201C6DB4D651}.Debug|x86.ActiveCfg = Debug|Any CPU
		{7A60C0D7-CFC8-4A27-B60B-201C6DB4D651}.Debug|x86.Build.0 = Debug|Any CPU
		{7A60C0D7-CFC8-4A27-B60B-201C6DB4D651}.Release|Any CPU.ActiveCfg = Release|Any CPU
		{7A60C0D7-CFC8-4A27-B60B-201C6DB4D651}.Release|Any CPU.Build.0 = Release|Any CPU
		{7A60C0D7-CFC8-4A27-B60B-201C6DB4D651}.Release|x64.ActiveCfg = Release|Any CPU
		{7A60C0D7-CFC8-4A27-B60B-201C6DB4D651}.Release|x64.Build.0 = Release|Any CPU
		{7A60C0D7-CFC8-4A27-B60B-201C6DB4D651}.Release|x86.ActiveCfg = Release|Any CPU
		{7A60C0D7-CFC8-4A27-B60B-201C6DB4D651}.Release|x86.Build.0 = Release|Any CPU
		{65C152A3-C071-49A5-8BFA-650ECA32F7AF}.Debug|Any CPU.ActiveCfg = Debug|Any CPU
		{65C152A3-C071-49A5-8BFA-650ECA32F7AF}.Debug|Any CPU.Build.0 = Debug|Any CPU
		{65C152A3-C071-49A5-8BFA-650ECA32F7AF}.Debug|x64.ActiveCfg = Debug|Any CPU
		{65C152A3-C071-49A5-8BFA-650ECA32F7AF}.Debug|x64.Build.0 = Debug|Any CPU
		{65C152A3-C071-49A5-8BFA-650ECA32F7AF}.Debug|x86.ActiveCfg = Debug|Any CPU
		{65C152A3-C071-49A5-8BFA-650ECA32F7AF}.Debug|x86.Build.0 = Debug|Any CPU
		{65C152A3-C071-49A5-8BFA-650ECA32F7AF}.Release|Any CPU.ActiveCfg = Release|Any CPU
		{65C152A3-C071-49A5-8BFA-650ECA32F7AF}.Release|Any CPU.Build.0 = Release|Any CPU
		{65C152A3-C071-49A5-8BFA-650ECA32F7AF}.Release|x64.ActiveCfg = Release|Any CPU
		{65C152A3-C071-49A5-8BFA-650ECA32F7AF}.Release|x64.Build.0 = Release|Any CPU
		{65C152A3-C071-49A5-8BFA-650ECA32F7AF}.Release|x86.ActiveCfg = Release|Any CPU
		{65C152A3-C071-49A5-8BFA-650ECA32F7AF}.Release|x86.Build.0 = Release|Any CPU
		{3D181BE8-AF41-4C84-8631-56383C7CF3F8}.Debug|Any CPU.ActiveCfg = Debug|Any CPU
		{3D181BE8-AF41-4C84-8631-56383C7CF3F8}.Debug|Any CPU.Build.0 = Debug|Any CPU
		{3D181BE8-AF41-4C84-8631-56383C7CF3F8}.Debug|x64.ActiveCfg = Debug|Any CPU
		{3D181BE8-AF41-4C84-8631-56383C7CF3F8}.Debug|x64.Build.0 = Debug|Any CPU
		{3D181BE8-AF41-4C84-8631-56383C7CF3F8}.Debug|x86.ActiveCfg = Debug|Any CPU
		{3D181BE8-AF41-4C84-8631-56383C7CF3F8}.Debug|x86.Build.0 = Debug|Any CPU
		{3D181BE8-AF41-4C84-8631-56383C7CF3F8}.Release|Any CPU.ActiveCfg = Release|Any CPU
		{3D181BE8-AF41-4C84-8631-56383C7CF3F8}.Release|Any CPU.Build.0 = Release|Any CPU
		{3D181BE8-AF41-4C84-8631-56383C7CF3F8}.Release|x64.ActiveCfg = Release|Any CPU
		{3D181BE8-AF41-4C84-8631-56383C7CF3F8}.Release|x64.Build.0 = Release|Any CPU
		{3D181BE8-AF41-4C84-8631-56383C7CF3F8}.Release|x86.ActiveCfg = Release|Any CPU
		{3D181BE8-AF41-4C84-8631-56383C7CF3F8}.Release|x86.Build.0 = Release|Any CPU
		{0468B3BC-434E-483C-8C7C-C0ADACEDCA33}.Debug|Any CPU.ActiveCfg = Debug|Any CPU
		{0468B3BC-434E-483C-8C7C-C0ADACEDCA33}.Debug|Any CPU.Build.0 = Debug|Any CPU
		{0468B3BC-434E-483C-8C7C-C0ADACEDCA33}.Debug|x64.ActiveCfg = Debug|Any CPU
		{0468B3BC-434E-483C-8C7C-C0ADACEDCA33}.Debug|x64.Build.0 = Debug|Any CPU
		{0468B3BC-434E-483C-8C7C-C0ADACEDCA33}.Debug|x86.ActiveCfg = Debug|Any CPU
		{0468B3BC-434E-483C-8C7C-C0ADACEDCA33}.Debug|x86.Build.0 = Debug|Any CPU
		{0468B3BC-434E-483C-8C7C-C0ADACEDCA33}.Release|Any CPU.ActiveCfg = Release|Any CPU
		{0468B3BC-434E-483C-8C7C-C0ADACEDCA33}.Release|Any CPU.Build.0 = Release|Any CPU
		{0468B3BC-434E-483C-8C7C-C0ADACEDCA33}.Release|x64.ActiveCfg = Release|Any CPU
		{0468B3BC-434E-483C-8C7C-C0ADACEDCA33}.Release|x64.Build.0 = Release|Any CPU
		{0468B3BC-434E-483C-8C7C-C0ADACEDCA33}.Release|x86.ActiveCfg = Release|Any CPU
		{0468B3BC-434E-483C-8C7C-C0ADACEDCA33}.Release|x86.Build.0 = Release|Any CPU
	EndGlobalSection
	GlobalSection(SolutionProperties) = preSolution
		HideSolutionNode = FALSE
	EndGlobalSection
	GlobalSection(NestedProjects) = preSolution
		{42E25D6A-F898-42A4-9057-34D1E5195F16} = {827E0CD3-B72D-47B6-A68D-7590B98EB39B}
		{7FECF8F2-2B9E-4613-ADC0-A3E362A30E38} = {827E0CD3-B72D-47B6-A68D-7590B98EB39B}
		{65C2CDA4-0C29-41FC-8C3C-02ADE9BB1C0D} = {827E0CD3-B72D-47B6-A68D-7590B98EB39B}
		{3A97B61D-8DD8-4B18-84C6-0A2AC621442E} = {0AB3BF05-4346-4AA6-1389-037BE0695223}
		{68282C9E-43EA-450D-B54C-706098C4CC86} = {0AB3BF05-4346-4AA6-1389-037BE0695223}
		{F12727AA-ABEF-07AF-E6F0-CD96E3D9A8AF} = {0AB3BF05-4346-4AA6-1389-037BE0695223}
		{AD446615-1C1A-4741-9E91-452C4F5142EA} = {F12727AA-ABEF-07AF-E6F0-CD96E3D9A8AF}
		{21213685-C89F-4930-8A53-90FC861A52E5} = {F12727AA-ABEF-07AF-E6F0-CD96E3D9A8AF}
		{E3D00300-0000-4000-8000-000000000003} = {F12727AA-ABEF-07AF-E6F0-CD96E3D9A8AF}
		{A3D00300-0000-4000-8000-000000000003} = {F12727AA-ABEF-07AF-E6F0-CD96E3D9A8AF}
		{E4D00400-0000-4000-8000-000000000004} = {F12727AA-ABEF-07AF-E6F0-CD96E3D9A8AF}
		{E5D00500-0000-4000-8000-000000000005} = {F12727AA-ABEF-07AF-E6F0-CD96E3D9A8AF}
		{E6D00600-0000-4000-8000-000000000006} = {F12727AA-ABEF-07AF-E6F0-CD96E3D9A8AF}
		{9A5050CB-DFEC-404C-A15D-4BAFA51764D1} = {F12727AA-ABEF-07AF-E6F0-CD96E3D9A8AF}
		{EFD01200-0000-4000-8000-000000000012} = {F12727AA-ABEF-07AF-E6F0-CD96E3D9A8AF}
		{1AF82C88-E524-42C4-9169-EDDEC8FC417E} = {F12727AA-ABEF-07AF-E6F0-CD96E3D9A8AF}
		{D6A27ACC-A205-49F3-ACB7-A53C1AEED5D2} = {F12727AA-ABEF-07AF-E6F0-CD96E3D9A8AF}
		{2CC97B06-2ECB-47F8-B9AC-5581AFA5A6B9} = {F12727AA-ABEF-07AF-E6F0-CD96E3D9A8AF}
		{31D19E3E-8E6D-4CA6-AF2B-4AF3D6FBBBEC} = {F12727AA-ABEF-07AF-E6F0-CD96E3D9A8AF}
		{3554E504-EF1D-4865-BBA9-41BBE125FE6D} = {F12727AA-ABEF-07AF-E6F0-CD96E3D9A8AF}
		{6A0DCB5A-CDDB-4A7A-81B4-F5D11E875524} = {F12727AA-ABEF-07AF-E6F0-CD96E3D9A8AF}
		{17B4FDAE-E2F3-457A-A867-D7DD29ECAC10} = {F12727AA-ABEF-07AF-E6F0-CD96E3D9A8AF}
		{2DAB29A2-A5B9-420B-B8D2-35D099A79452} = {F12727AA-ABEF-07AF-E6F0-CD96E3D9A8AF}
		{15BF013D-FE97-452D-837B-51717E12A4A2} = {F12727AA-ABEF-07AF-E6F0-CD96E3D9A8AF}
		{D415CEEF-DEA6-4616-B99D-F7BA9FBFDFBF} = {F12727AA-ABEF-07AF-E6F0-CD96E3D9A8AF}
		{65D68E6F-23C8-4F2D-B2CA-1E67933C9696} = {F12727AA-ABEF-07AF-E6F0-CD96E3D9A8AF}
		{88CBF631-6DB6-46AC-8FAE-7C0CBC1485DB} = {F12727AA-ABEF-07AF-E6F0-CD96E3D9A8AF}
		{FDE1F209-477A-4FA3-9CAE-63C2DA8FF566} = {F12727AA-ABEF-07AF-E6F0-CD96E3D9A8AF}
		{F7431177-5CFF-499F-8EDC-25B76AEE0303} = {F12727AA-ABEF-07AF-E6F0-CD96E3D9A8AF}
		{7A60C0D7-CFC8-4A27-B60B-201C6DB4D651} = {F12727AA-ABEF-07AF-E6F0-CD96E3D9A8AF}
		{65C152A3-C071-49A5-8BFA-650ECA32F7AF} = {F12727AA-ABEF-07AF-E6F0-CD96E3D9A8AF}
		{3D181BE8-AF41-4C84-8631-56383C7CF3F8} = {F12727AA-ABEF-07AF-E6F0-CD96E3D9A8AF}
		{0468B3BC-434E-483C-8C7C-C0ADACEDCA33} = {F12727AA-ABEF-07AF-E6F0-CD96E3D9A8AF}
	EndGlobalSection
EndGlobal
